{
    "name": "tests",
    "version": "1.0.0",
    "lockfileVersion": 2,
    "requires": true,
    "packages": {
        "": {
            "name": "tests",
            "version": "1.0.0",
            "dependencies": {
                "wizlib": "file:wizlib-1.0.8.tgz"
            }
        },
        "../../../../../wizlib-*": {
            "extraneous": true
        },
        "node_modules/wizlib": {
            "version": "1.0.8",
            "resolved": "file:wizlib-1.0.8.tgz",
            "integrity": "sha512-fuzQSs75CCa3kyPUYRHGi52eVcZPSgOLX28rbG/Bpl9iSD+jTzWLXaaHe2CTYgxruQvo7kqx0uS4OdaCww9qoA==",
            "license": "MIT"
        }
    },
    "dependencies": {
        "wizlib": {
            "version": "file:wizlib-1.0.8.tgz",
            "integrity": "sha512-fuzQSs75CCa3kyPUYRHGi52eVcZPSgOLX28rbG/Bpl9iSD+jTzWLXaaHe2CTYgxruQvo7kqx0uS4OdaCww9qoA=="
        }
    }
}
